
Microsoft Visual Studio Solution File, Format Version 12.00
# Visual Studio Version 16
VisualStudioVersion = 16.0.29102.190
MinimumVisualStudioVersion = 10.0.40219.1
Project("{FAE04EC0-301F-11D3-BF4B-00C04F79EFBC}") = "Utilities", "Utilities\Utilities.csproj", "{E6831579-6516-474E-A291-C131808A1D48}"
EndProject
Project("{FAE04EC0-301F-11D3-BF4B-00C04F79EFBC}") = "Utilities.Test", "Utilities.Test\Utilities.Test.csproj", "{9B9BE933-B505-4542-A131-2ECDE9ED310C}"
EndProject
Global
	GlobalSection(SolutionConfigurationPlatforms) = preSolution
		Debug|Any CPU = Debug|Any CPU
		Release|Any CPU = Release|Any CPU
	EndGlobalSection
	GlobalSection(ProjectConfigurationPlatforms) = postSolution
		{E6831579-6516-474E-A291-C131808A1D48}.Debug|Any CPU.ActiveCfg = Debug|Any CPU
		{E6831579-6516-474E-A291-C131808A1D48}.Debug|Any CPU.Build.0 = Debug|Any CPU
		{E6831579-6516-474E-A291-C131808A1D48}.Release|Any CPU.ActiveCfg = Release|Any CPU
		{E6831579-6516-474E-A291-C131808A1D48}.Release|Any CPU.Build.0 = Release|Any CPU
		{9B9BE933-B505-4542-A131-2ECDE9ED310C}.Debug|Any CPU.ActiveCfg = Debug|Any CPU
		{9B9BE933-B505-4542-A131-2ECDE9ED310C}.Debug|Any CPU.Build.0 = Debug|Any CPU
		{9B9BE933-B505-4542-A131-2ECDE9ED310C}.Release|Any CPU.ActiveCfg = Release|Any CPU
		{9B9BE933-B505-4542-A131-2ECDE9ED310C}.Release|Any CPU.Build.0 = Release|Any CPU
	EndGlobalSection
	GlobalSection(SolutionProperties) = preSolution
		HideSolutionNode = FALSE
	EndGlobalSection
	GlobalSection(ExtensibilityGlobals) = postSolution
		SolutionGuid = {DCFE25AA-9C08-48B1-BD8C-E97D8543EF78}
	EndGlobalSection
EndGlobal
